
Microsoft Visual Studio Solution File, Format Version 12.00
# Visual Studio Version 16
VisualStudioVersion = 16.0.30517.126
MinimumVisualStudioVersion = 10.0.40219.1
Project("{FAE04EC0-301F-11D3-BF4B-00C04F79EFBC}") = "WhiteList.IP", "WhiteList.IP.csproj", "{68FD6E27-64B1-403A-BF55-886FE8FF89FC}"
EndProject
Global
	GlobalSection(SolutionConfigurationPlatforms) = preSolution
		Debug|Any CPU = Debug|Any CPU
		Release|Any CPU = Release|Any CPU
	EndGlobalSection
	GlobalSection(ProjectConfigurationPlatforms) = postSolution
		{68FD6E27-64B1-403A-BF55-886FE8FF89FC}.Debug|Any CPU.ActiveCfg = Debug|Any CPU
		{68FD6E27-64B1-403A-BF55-886FE8FF89FC}.Debug|Any CPU.Build.0 = Debug|Any CPU
		{68FD6E27-64B1-403A-BF55-886FE8FF89FC}.Release|Any CPU.ActiveCfg = Release|Any CPU
		{68FD6E27-64B1-403A-BF55-886FE8FF89FC}.Release|Any CPU.Build.0 = Release|Any CPU
	EndGlobalSection
	GlobalSection(SolutionProperties) = preSolution
		HideSolutionNode = FALSE
	EndGlobalSection
	GlobalSection(ExtensibilityGlobals) = postSolution
		SolutionGuid = {ED662B60-A872-4850-B26C-65DAC5DE31AD}
	EndGlobalSection
EndGlobal
